
Microsoft Visual Studio Solution File, Format Version 12.00
# Visual Studio Version 17
VisualStudioVersion = 17.14.36401.2
MinimumVisualStudioVersion = 10.0.40219.1
Project("{FAE04EC0-301F-11D3-BF4B-00C04F79EFBC}") = "ExchangeRate.API", "ExchangeRate.API\ExchangeRate.API.csproj", "{CA87DA4D-C75A-4A45-9D95-5A49C6D3DFAF}"
EndProject
Project("{FAE04EC0-301F-11D3-BF4B-00C04F79EFBC}") = "ExchangeRate.Domain", "ExchangeRate.Domain\ExchangeRate.Domain.csproj", "{A01AED04-3FD1-4E7D-9939-E9D02FC78C2D}"
EndProject
Project("{FAE04EC0-301F-11D3-BF4B-00C04F79EFBC}") = "ExchangeRate.Infra.Data", "ExchangeRate.Infra.Data\ExchangeRate.Infra.Data.csproj", "{790BECBE-5B3D-4AE1-BA7B-E604FBC133B0}"
EndProject
Project("{FAE04EC0-301F-11D3-BF4B-00C04F79EFBC}") = "ExchangeRate.Application", "ExchangeRate.Application\ExchangeRate.Application.csproj", "{D65A647A-D72C-4324-B20E-87BC9054D5EE}"
EndProject
Project("{FAE04EC0-301F-11D3-BF4B-00C04F79EFBC}") = "ExchangeRate.Infra.IoC", "ExchangeRate.Infra.IoC\ExchangeRate.Infra.IoC.csproj", "{3DCAA802-F8A6-42DF-8D39-C34560E11118}"
EndProject
Project("{FAE04EC0-301F-11D3-BF4B-00C04F79EFBC}") = "ExchangeRate.Worker.CurrencyUSD", "ExchangeRate.Worker.CurrencyRates\ExchangeRate.Worker.CurrencyUSD.csproj", "{E02DCACD-EA25-4679-828D-0714846B0EE3}"
EndProject
Project("{FAE04EC0-301F-11D3-BF4B-00C04F79EFBC}") = "ExchangeRate.Test", "ExchangeRate.Test\ExchangeRate.Test.csproj", "{02FEF5D6-5DEF-4B2C-A7F7-8DBE704D2453}"
EndProject
Global
	GlobalSection(SolutionConfigurationPlatforms) = preSolution
		Debug|Any CPU = Debug|Any CPU
		Release|Any CPU = Release|Any CPU
	EndGlobalSection
	GlobalSection(ProjectConfigurationPlatforms) = postSolution
		{CA87DA4D-C75A-4A45-9D95-5A49C6D3DFAF}.Debug|Any CPU.ActiveCfg = Debug|Any CPU
		{CA87DA4D-C75A-4A45-9D95-5A49C6D3DFAF}.Debug|Any CPU.Build.0 = Debug|Any CPU
		{CA87DA4D-C75A-4A45-9D95-5A49C6D3DFAF}.Release|Any CPU.ActiveCfg = Release|Any CPU
		{CA87DA4D-C75A-4A45-9D95-5A49C6D3DFAF}.Release|Any CPU.Build.0 = Release|Any CPU
		{A01AED04-3FD1-4E7D-9939-E9D02FC78C2D}.Debug|Any CPU.ActiveCfg = Debug|Any CPU
		{A01AED04-3FD1-4E7D-9939-E9D02FC78C2D}.Debug|Any CPU.Build.0 = Debug|Any CPU
		{A01AED04-3FD1-4E7D-9939-E9D02FC78C2D}.Release|Any CPU.ActiveCfg = Release|Any CPU
		{A01AED04-3FD1-4E7D-9939-E9D02FC78C2D}.Release|Any CPU.Build.0 = Release|Any CPU
		{790BECBE-5B3D-4AE1-BA7B-E604FBC133B0}.Debug|Any CPU.ActiveCfg = Debug|Any CPU
		{790BECBE-5B3D-4AE1-BA7B-E604FBC133B0}.Debug|Any CPU.Build.0 = Debug|Any CPU
		{790BECBE-5B3D-4AE1-BA7B-E604FBC133B0}.Release|Any CPU.ActiveCfg = Release|Any CPU
		{790BECBE-5B3D-4AE1-BA7B-E604FBC133B0}.Release|Any CPU.Build.0 = Release|Any CPU
		{D65A647A-D72C-4324-B20E-87BC9054D5EE}.Debug|Any CPU.ActiveCfg = Debug|Any CPU
		{D65A647A-D72C-4324-B20E-87BC9054D5EE}.Debug|Any CPU.Build.0 = Debug|Any CPU
		{D65A647A-D72C-4324-B20E-87BC9054D5EE}.Release|Any CPU.ActiveCfg = Release|Any CPU
		{D65A647A-D72C-4324-B20E-87BC9054D5EE}.Release|Any CPU.Build.0 = Release|Any CPU
		{3DCAA802-F8A6-42DF-8D39-C34560E11118}.Debug|Any CPU.ActiveCfg = Debug|Any CPU
		{3DCAA802-F8A6-42DF-8D39-C34560E11118}.Debug|Any CPU.Build.0 = Debug|Any CPU
		{3DCAA802-F8A6-42DF-8D39-C34560E11118}.Release|Any CPU.ActiveCfg = Release|Any CPU
		{3DCAA802-F8A6-42DF-8D39-C34560E11118}.Release|Any CPU.Build.0 = Release|Any CPU
		{E02DCACD-EA25-4679-828D-0714846B0EE3}.Debug|Any CPU.ActiveCfg = Debug|Any CPU
		{E02DCACD-EA25-4679-828D-0714846B0EE3}.Debug|Any CPU.Build.0 = Debug|Any CPU
		{E02DCACD-EA25-4679-828D-0714846B0EE3}.Release|Any CPU.ActiveCfg = Release|Any CPU
		{E02DCACD-EA25-4679-828D-0714846B0EE3}.Release|Any CPU.Build.0 = Release|Any CPU
		{02FEF5D6-5DEF-4B2C-A7F7-8DBE704D2453}.Debug|Any CPU.ActiveCfg = Debug|Any CPU
		{02FEF5D6-5DEF-4B2C-A7F7-8DBE704D2453}.Debug|Any CPU.Build.0 = Debug|Any CPU
		{02FEF5D6-5DEF-4B2C-A7F7-8DBE704D2453}.Release|Any CPU.ActiveCfg = Release|Any CPU
		{02FEF5D6-5DEF-4B2C-A7F7-8DBE704D2453}.Release|Any CPU.Build.0 = Release|Any CPU
	EndGlobalSection
	GlobalSection(SolutionProperties) = preSolution
		HideSolutionNode = FALSE
	EndGlobalSection
	GlobalSection(ExtensibilityGlobals) = postSolution
		SolutionGuid = {15E2B781-2934-465B-8C0F-51E687D96760}
	EndGlobalSection
EndGlobal
